
Microsoft Visual Studio Solution File, Format Version 12.00
# Visual Studio Version 17
VisualStudioVersion = 17.14.36310.24
MinimumVisualStudioVersion = 10.0.40219.1
Project("{2150E333-8FDC-42A3-9474-1A3956D46DE8}") = "src", "src", "{827E0CD3-B72D-47B6-A68D-7590B98EB39B}"
EndProject
Project("{FAE04EC0-301F-11D3-BF4B-00C04F79EFBC}") = "BalloonPopper.Maui", "src\BalloonPopper.Maui\BalloonPopper.Maui.csproj", "{89971BCF-EF1E-4814-BF0A-A3D8893E8058}"
EndProject
Project("{2150E333-8FDC-42A3-9474-1A3956D46DE8}") = "tests", "tests", "{0AB3BF05-4346-4AA6-1389-037BE0695223}"
EndProject
Project("{FAE04EC0-301F-11D3-BF4B-00C04F79EFBC}") = "BalloonPopper.Maui.UnitTests", "tests\BalloonPopper.Maui.UnitTests\BalloonPopper.Maui.UnitTests.csproj", "{89F2F030-0BBE-48EA-8595-87A35DC8194E}"
EndProject
Project("{FAE04EC0-301F-11D3-BF4B-00C04F79EFBC}") = "BalloonPopper.Models", "src\BalloonPopper.Models\BalloonPopper.Models.csproj", "{DDC31ECE-75FC-4980-A5B6-8383A095ED25}"
EndProject
Project("{FAE04EC0-301F-11D3-BF4B-00C04F79EFBC}") = "BalloonPopper.Services", "src\BalloonPopper.Services\BalloonPopper.Services.csproj", "{F66926B4-35D5-4E79-B98A-03DC8EF0E836}"
EndProject
Project("{FAE04EC0-301F-11D3-BF4B-00C04F79EFBC}") = "BalloonPopper.Services.Abstractions", "src\BalloonPopper.Services.Abstractions\BalloonPopper.Services.Abstractions.csproj", "{1E5A7D8F-9C2B-4A3D-8E7F-2B4C5D6A9E1F}"
EndProject
Project("{FAE04EC0-301F-11D3-BF4B-00C04F79EFBC}") = "BalloonPopper.Models.UnitTests", "tests\BalloonPopper.Models.UnitTests\BalloonPopper.Models.UnitTests.csproj", "{259DA9A9-CAD9-4653-A37E-6E28E334E5C0}"
EndProject
Project("{FAE04EC0-301F-11D3-BF4B-00C04F79EFBC}") = "BalloonPopper.Services.UnitTests", "tests\BalloonPopper.Services.UnitTests\BalloonPopper.Services.UnitTests.csproj", "{601FD1C5-B201-43AD-9B40-A39BF4CE852A}"
EndProject
Project("{2150E333-8FDC-42A3-9474-1A3956D46DE8}") = "Solution Items", "Solution Items", "{8EC462FD-D22E-90A8-E5CE-7E832BA40C5D}"
	ProjectSection(SolutionItems) = preProject
		README.MD = README.MD
	EndProjectSection
EndProject
Project("{2150E333-8FDC-42A3-9474-1A3956D46DE8}") = "docs", "docs", "{208BA388-4CEE-2CBF-559C-5607C099C1F8}"
	ProjectSection(SolutionItems) = preProject
		docs\MAP.md = docs\MAP.md
		docs\PLAN.MD = docs\PLAN.MD
		UX.MD = UX.MD
	EndProjectSection
EndProject
Global
	GlobalSection(SolutionConfigurationPlatforms) = preSolution
		Debug|Any CPU = Debug|Any CPU
		Debug|x64 = Debug|x64
		Debug|x86 = Debug|x86
		Release|Any CPU = Release|Any CPU
		Release|x64 = Release|x64
		Release|x86 = Release|x86
	EndGlobalSection
	GlobalSection(ProjectConfigurationPlatforms) = postSolution
		{89971BCF-EF1E-4814-BF0A-A3D8893E8058}.Debug|Any CPU.ActiveCfg = Debug|Any CPU
		{89971BCF-EF1E-4814-BF0A-A3D8893E8058}.Debug|Any CPU.Build.0 = Debug|Any CPU
		{89971BCF-EF1E-4814-BF0A-A3D8893E8058}.Debug|x64.ActiveCfg = Debug|Any CPU
		{89971BCF-EF1E-4814-BF0A-A3D8893E8058}.Debug|x64.Build.0 = Debug|Any CPU
		{89971BCF-EF1E-4814-BF0A-A3D8893E8058}.Debug|x86.ActiveCfg = Debug|Any CPU
		{89971BCF-EF1E-4814-BF0A-A3D8893E8058}.Debug|x86.Build.0 = Debug|Any CPU
		{89971BCF-EF1E-4814-BF0A-A3D8893E8058}.Release|Any CPU.ActiveCfg = Release|Any CPU
		{89971BCF-EF1E-4814-BF0A-A3D8893E8058}.Release|Any CPU.Build.0 = Release|Any CPU
		{89971BCF-EF1E-4814-BF0A-A3D8893E8058}.Release|x64.ActiveCfg = Release|Any CPU
		{89971BCF-EF1E-4814-BF0A-A3D8893E8058}.Release|x64.Build.0 = Release|Any CPU
		{89971BCF-EF1E-4814-BF0A-A3D8893E8058}.Release|x86.ActiveCfg = Release|Any CPU
		{89971BCF-EF1E-4814-BF0A-A3D8893E8058}.Release|x86.Build.0 = Release|Any CPU
		{89F2F030-0BBE-48EA-8595-87A35DC8194E}.Debug|Any CPU.ActiveCfg = Debug|Any CPU
		{89F2F030-0BBE-48EA-8595-87A35DC8194E}.Debug|Any CPU.Build.0 = Debug|Any CPU
		{89F2F030-0BBE-48EA-8595-87A35DC8194E}.Debug|x64.ActiveCfg = Debug|Any CPU
		{89F2F030-0BBE-48EA-8595-87A35DC8194E}.Debug|x64.Build.0 = Debug|Any CPU
		{89F2F030-0BBE-48EA-8595-87A35DC8194E}.Debug|x86.ActiveCfg = Debug|Any CPU
		{89F2F030-0BBE-48EA-8595-87A35DC8194E}.Debug|x86.Build.0 = Debug|Any CPU
		{89F2F030-0BBE-48EA-8595-87A35DC8194E}.Release|Any CPU.ActiveCfg = Release|Any CPU
		{89F2F030-0BBE-48EA-8595-87A35DC8194E}.Release|Any CPU.Build.0 = Release|Any CPU
		{89F2F030-0BBE-48EA-8595-87A35DC8194E}.Release|x64.ActiveCfg = Release|Any CPU
		{89F2F030-0BBE-48EA-8595-87A35DC8194E}.Release|x64.Build.0 = Release|Any CPU
		{89F2F030-0BBE-48EA-8595-87A35DC8194E}.Release|x86.ActiveCfg = Release|Any CPU
		{89F2F030-0BBE-48EA-8595-87A35DC8194E}.Release|x86.Build.0 = Release|Any CPU
		{DDC31ECE-75FC-4980-A5B6-8383A095ED25}.Debug|Any CPU.ActiveCfg = Debug|Any CPU
		{DDC31ECE-75FC-4980-A5B6-8383A095ED25}.Debug|Any CPU.Build.0 = Debug|Any CPU
		{DDC31ECE-75FC-4980-A5B6-8383A095ED25}.Debug|x64.ActiveCfg = Debug|Any CPU
		{DDC31ECE-75FC-4980-A5B6-8383A095ED25}.Debug|x64.Build.0 = Debug|Any CPU
		{DDC31ECE-75FC-4980-A5B6-8383A095ED25}.Debug|x86.ActiveCfg = Debug|Any CPU
		{DDC31ECE-75FC-4980-A5B6-8383A095ED25}.Debug|x86.Build.0 = Debug|Any CPU
		{DDC31ECE-75FC-4980-A5B6-8383A095ED25}.Release|Any CPU.ActiveCfg = Release|Any CPU
		{DDC31ECE-75FC-4980-A5B6-8383A095ED25}.Release|Any CPU.Build.0 = Release|Any CPU
		{DDC31ECE-75FC-4980-A5B6-8383A095ED25}.Release|x64.ActiveCfg = Release|Any CPU
		{DDC31ECE-75FC-4980-A5B6-8383A095ED25}.Release|x64.Build.0 = Release|Any CPU
		{DDC31ECE-75FC-4980-A5B6-8383A095ED25}.Release|x86.ActiveCfg = Release|Any CPU
		{DDC31ECE-75FC-4980-A5B6-8383A095ED25}.Release|x86.Build.0 = Release|Any CPU
		{F66926B4-35D5-4E79-B98A-03DC8EF0E836}.Debug|Any CPU.ActiveCfg = Debug|Any CPU
		{F66926B4-35D5-4E79-B98A-03DC8EF0E836}.Debug|Any CPU.Build.0 = Debug|Any CPU
		{F66926B4-35D5-4E79-B98A-03DC8EF0E836}.Debug|x64.ActiveCfg = Debug|Any CPU
		{F66926B4-35D5-4E79-B98A-03DC8EF0E836}.Debug|x64.Build.0 = Debug|Any CPU
		{F66926B4-35D5-4E79-B98A-03DC8EF0E836}.Debug|x86.ActiveCfg = Debug|Any CPU
		{F66926B4-35D5-4E79-B98A-03DC8EF0E836}.Debug|x86.Build.0 = Debug|Any CPU
		{F66926B4-35D5-4E79-B98A-03DC8EF0E836}.Release|Any CPU.ActiveCfg = Release|Any CPU
		{F66926B4-35D5-4E79-B98A-03DC8EF0E836}.Release|Any CPU.Build.0 = Release|Any CPU
		{F66926B4-35D5-4E79-B98A-03DC8EF0E836}.Release|x64.ActiveCfg = Release|Any CPU
		{F66926B4-35D5-4E79-B98A-03DC8EF0E836}.Release|x64.Build.0 = Release|Any CPU
		{F66926B4-35D5-4E79-B98A-03DC8EF0E836}.Release|x86.ActiveCfg = Release|Any CPU
		{F66926B4-35D5-4E79-B98A-03DC8EF0E836}.Release|x86.Build.0 = Release|Any CPU
		{1E5A7D8F-9C2B-4A3D-8E7F-2B4C5D6A9E1F}.Debug|Any CPU.ActiveCfg = Debug|Any CPU
		{1E5A7D8F-9C2B-4A3D-8E7F-2B4C5D6A9E1F}.Debug|Any CPU.Build.0 = Debug|Any CPU
		{1E5A7D8F-9C2B-4A3D-8E7F-2B4C5D6A9E1F}.Debug|x64.ActiveCfg = Debug|Any CPU
		{1E5A7D8F-9C2B-4A3D-8E7F-2B4C5D6A9E1F}.Debug|x64.Build.0 = Debug|Any CPU
		{1E5A7D8F-9C2B-4A3D-8E7F-2B4C5D6A9E1F}.Debug|x86.ActiveCfg = Debug|Any CPU
		{1E5A7D8F-9C2B-4A3D-8E7F-2B4C5D6A9E1F}.Debug|x86.Build.0 = Debug|Any CPU
		{1E5A7D8F-9C2B-4A3D-8E7F-2B4C5D6A9E1F}.Release|Any CPU.ActiveCfg = Release|Any CPU
		{1E5A7D8F-9C2B-4A3D-8E7F-2B4C5D6A9E1F}.Release|Any CPU.Build.0 = Release|Any CPU
		{1E5A7D8F-9C2B-4A3D-8E7F-2B4C5D6A9E1F}.Release|x64.ActiveCfg = Release|Any CPU
		{1E5A7D8F-9C2B-4A3D-8E7F-2B4C5D6A9E1F}.Release|x64.Build.0 = Release|Any CPU
		{1E5A7D8F-9C2B-4A3D-8E7F-2B4C5D6A9E1F}.Release|x86.ActiveCfg = Release|Any CPU
		{1E5A7D8F-9C2B-4A3D-8E7F-2B4C5D6A9E1F}.Release|x86.Build.0 = Release|Any CPU
		{259DA9A9-CAD9-4653-A37E-6E28E334E5C0}.Debug|Any CPU.ActiveCfg = Debug|Any CPU
		{259DA9A9-CAD9-4653-A37E-6E28E334E5C0}.Debug|Any CPU.Build.0 = Debug|Any CPU
		{259DA9A9-CAD9-4653-A37E-6E28E334E5C0}.Debug|x64.ActiveCfg = Debug|Any CPU
		{259DA9A9-CAD9-4653-A37E-6E28E334E5C0}.Debug|x64.Build.0 = Debug|Any CPU
		{259DA9A9-CAD9-4653-A37E-6E28E334E5C0}.Debug|x86.ActiveCfg = Debug|Any CPU
		{259DA9A9-CAD9-4653-A37E-6E28E334E5C0}.Debug|x86.Build.0 = Debug|Any CPU
		{259DA9A9-CAD9-4653-A37E-6E28E334E5C0}.Release|Any CPU.ActiveCfg = Release|Any CPU
		{259DA9A9-CAD9-4653-A37E-6E28E334E5C0}.Release|Any CPU.Build.0 = Release|Any CPU
		{259DA9A9-CAD9-4653-A37E-6E28E334E5C0}.Release|x64.ActiveCfg = Release|Any CPU
		{259DA9A9-CAD9-4653-A37E-6E28E334E5C0}.Release|x64.Build.0 = Release|Any CPU
		{259DA9A9-CAD9-4653-A37E-6E28E334E5C0}.Release|x86.ActiveCfg = Release|Any CPU
		{259DA9A9-CAD9-4653-A37E-6E28E334E5C0}.Release|x86.Build.0 = Release|Any CPU
		{601FD1C5-B201-43AD-9B40-A39BF4CE852A}.Debug|Any CPU.ActiveCfg = Debug|Any CPU
		{601FD1C5-B201-43AD-9B40-A39BF4CE852A}.Debug|Any CPU.Build.0 = Debug|Any CPU
		{601FD1C5-B201-43AD-9B40-A39BF4CE852A}.Debug|x64.ActiveCfg = Debug|Any CPU
		{601FD1C5-B201-43AD-9B40-A39BF4CE852A}.Debug|x64.Build.0 = Debug|Any CPU
		{601FD1C5-B201-43AD-9B40-A39BF4CE852A}.Debug|x86.ActiveCfg = Debug|Any CPU
		{601FD1C5-B201-43AD-9B40-A39BF4CE852A}.Debug|x86.Build.0 = Debug|Any CPU
		{601FD1C5-B201-43AD-9B40-A39BF4CE852A}.Release|Any CPU.ActiveCfg = Release|Any CPU
		{601FD1C5-B201-43AD-9B40-A39BF4CE852A}.Release|Any CPU.Build.0 = Release|Any CPU
		{601FD1C5-B201-43AD-9B40-A39BF4CE852A}.Release|x64.ActiveCfg = Release|Any CPU
		{601FD1C5-B201-43AD-9B40-A39BF4CE852A}.Release|x64.Build.0 = Release|Any CPU
		{601FD1C5-B201-43AD-9B40-A39BF4CE852A}.Release|x86.ActiveCfg = Release|Any CPU
		{601FD1C5-B201-43AD-9B40-A39BF4CE852A}.Release|x86.Build.0 = Release|Any CPU
	EndGlobalSection
	GlobalSection(SolutionProperties) = preSolution
		HideSolutionNode = FALSE
	EndGlobalSection
	GlobalSection(NestedProjects) = preSolution
		{89971BCF-EF1E-4814-BF0A-A3D8893E8058} = {827E0CD3-B72D-47B6-A68D-7590B98EB39B}
		{89F2F030-0BBE-48EA-8595-87A35DC8194E} = {0AB3BF05-4346-4AA6-1389-037BE0695223}
		{DDC31ECE-75FC-4980-A5B6-8383A095ED25} = {827E0CD3-B72D-47B6-A68D-7590B98EB39B}
		{F66926B4-35D5-4E79-B98A-03DC8EF0E836} = {827E0CD3-B72D-47B6-A68D-7590B98EB39B}
		{1E5A7D8F-9C2B-4A3D-8E7F-2B4C5D6A9E1F} = {827E0CD3-B72D-47B6-A68D-7590B98EB39B}
		{259DA9A9-CAD9-4653-A37E-6E28E334E5C0} = {0AB3BF05-4346-4AA6-1389-037BE0695223}
		{601FD1C5-B201-43AD-9B40-A39BF4CE852A} = {0AB3BF05-4346-4AA6-1389-037BE0695223}
		{208BA388-4CEE-2CBF-559C-5607C099C1F8} = {8EC462FD-D22E-90A8-E5CE-7E832BA40C5D}
	EndGlobalSection
	GlobalSection(ExtensibilityGlobals) = postSolution
		SolutionGuid = {B9DD1567-085E-476E-86F4-EB20ABA10A4C}
	EndGlobalSection
EndGlobal
